// !$*UTF8*$!
{
	archiveVersion = 1;
	classes = {
	};
	objectVersion = 50;
	objects = {

/* Begin PBXBuildFile section */
		C47BEE4D25DDC4AF00E5A69A /* Tests_iOS.swift in Sources */ = {isa = PBXBuildFile; fileRef = C47BEE4C25DDC4AF00E5A69A /* Tests_iOS.swift */; };
		C47BEE5825DDC4AF00E5A69A /* Tests_macOS.swift in Sources */ = {isa = PBXBuildFile; fileRef = C47BEE5725DDC4AF00E5A69A /* Tests_macOS.swift */; };
		C47BEE5A25DDC4AF00E5A69A /* Login_MacApp.swift in Sources */ = {isa = PBXBuildFile; fileRef = C47BEE3125DDC4AE00E5A69A /* Login_MacApp.swift */; };
		C47BEE5B25DDC4AF00E5A69A /* Login_MacApp.swift in Sources */ = {isa = PBXBuildFile; fileRef = C47BEE3125DDC4AE00E5A69A /* Login_MacApp.swift */; };
		C47BEE5C25DDC4AF00E5A69A /* ContentView.swift in Sources */ = {isa = PBXBuildFile; fileRef = C47BEE3225DDC4AE00E5A69A /* ContentView.swift */; };
		C47BEE5D25DDC4AF00E5A69A /* ContentView.swift in Sources */ = {isa = PBXBuildFile; fileRef = C47BEE3225DDC4AE00E5A69A /* ContentView.swift */; };
		C47BEE5E25DDC4AF00E5A69A /* Assets.xcassets in Resources */ = {isa = PBXBuildFile; fileRef = C47BEE3325DDC4AF00E5A69A /* Assets.xcassets */; };
		C47BEE5F25DDC4AF00E5A69A /* Assets.xcassets in Resources */ = {isa = PBXBuildFile; fileRef = C47BEE3325DDC4AF00E5A69A /* Assets.xcassets */; };
		C47BEE7425DDC5E200E5A69A /* Login.swift in Sources */ = {isa = PBXBuildFile; fileRef = C47BEE7325DDC5E200E5A69A /* Login.swift */; };
		C47BEE7525DDC5E200E5A69A /* Login.swift in Sources */ = {isa = PBXBuildFile; fileRef = C47BEE7325DDC5E200E5A69A /* Login.swift */; };
/* End PBXBuildFile section */

/* Begin PBXContainerItemProxy section */
		C47BEE4925DDC4AF00E5A69A /* PBXContainerItemProxy */ = {
			isa = PBXContainerItemProxy;
			containerPortal = C47BEE2C25DDC4AE00E5A69A /* Project object */;
			proxyType = 1;
			remoteGlobalIDString = C47BEE3725DDC4AF00E5A69A;
			remoteInfo = "Login_Mac (iOS)";
		};
		C47BEE5425DDC4AF00E5A69A /* PBXContainerItemProxy */ = {
			isa = PBXContainerItemProxy;
			containerPortal = C47BEE2C25DDC4AE00E5A69A /* Project object */;
			proxyType = 1;
			remoteGlobalIDString = C47BEE3F25DDC4AF00E5A69A;
			remoteInfo = "Login_Mac (macOS)";
		};
/* End PBXContainerItemProxy section */

/* Begin PBXFileReference section */
		C47BEE3125DDC4AE00E5A69A /* Login_MacApp.swift */ = {isa = PBXFileReference; lastKnownFileType = sourcecode.swift; path = Login_MacApp.swift; sourceTree = "<group>"; };
		C47BEE3225DDC4AE00E5A69A /* ContentView.swift */ = {isa = PBXFileReference; lastKnownFileType = sourcecode.swift; path = ContentView.swift; sourceTree = "<group>"; };
		C47BEE3325DDC4AF00E5A69A /* Assets.xcassets */ = {isa = PBXFileReference; lastKnownFileType = folder.assetcatalog; path = Assets.xcassets; sourceTree = "<group>"; };
		C47BEE3825DDC4AF00E5A69A /* Login_Mac.app */ = {isa = PBXFileReference; explicitFileType = wrapper.application; includeInIndex = 0; path = Login_Mac.app; sourceTree = BUILT_PRODUCTS_DIR; };
		C47BEE3B25DDC4AF00E5A69A /* Info.plist */ = {isa = PBXFileReference; lastKnownFileType = text.plist.xml; path = Info.plist; sourceTree = "<group>"; };
		C47BEE4025DDC4AF00E5A69A /* Login_Mac.app */ = {isa = PBXFileReference; explicitFileType = wrapper.application; includeInIndex = 0; path = Login_Mac.app; sourceTree = BUILT_PRODUCTS_DIR; };
		C47BEE4225DDC4AF00E5A69A /* Info.plist */ = {isa = PBXFileReference; lastKnownFileType = text.plist.xml; path = Info.plist; sourceTree = "<group>"; };
		C47BEE4325DDC4AF00E5A69A /* macOS.entitlements */ = {isa = PBXFileReference; lastKnownFileType = text.plist.entitlements; path = macOS.entitlements; sourceTree = "<group>"; };
		C47BEE4825DDC4AF00E5A69A /* Tests iOS.xctest */ = {isa = PBXFileReference; explicitFileType = wrapper.cfbundle; includeInIndex = 0; path = "Tests iOS.xctest"; sourceTree = BUILT_PRODUCTS_DIR; };
		C47BEE4C25DDC4AF00E5A69A /* Tests_iOS.swift */ = {isa = PBXFileReference; lastKnownFileType = sourcecode.swift; path = Tests_iOS.swift; sourceTree = "<group>"; };
		C47BEE4E25DDC4AF00E5A69A /* Info.plist */ = {isa = PBXFileReference; lastKnownFileType = text.plist.xml; path = Info.plist; sourceTree = "<group>"; };
		C47BEE5325DDC4AF00E5A69A /* Tests macOS.xctest */ = {isa = PBXFileReference; explicitFileType = wrapper.cfbundle; includeInIndex = 0; path = "Tests macOS.xctest"; sourceTree = BUILT_PRODUCTS_DIR; };
		C47BEE5725DDC4AF00E5A69A /* Tests_macOS.swift */ = {isa = PBXFileReference; lastKnownFileType = sourcecode.swift; path = Tests_macOS.swift; sourceTree = "<group>"; };
		C47BEE5925DDC4AF00E5A69A /* Info.plist */ = {isa = PBXFileReference; lastKnownFileType = text.plist.xml; path = Info.plist; sourceTree = "<group>"; };
		C47BEE7325DDC5E200E5A69A /* Login.swift */ = {isa = PBXFileReference; lastKnownFileType = sourcecode.swift; path = Login.swift; sourceTree = "<group>"; };
/* End PBXFileReference section */

/* Begin PBXFrameworksBuildPhase section */
		C47BEE3525DDC4AF00E5A69A /* Frameworks */ = {
			isa = PBXFrameworksBuildPhase;
			buildActionMask = 2147483647;
			files = (
			);
			runOnlyForDeploymentPostprocessing = 0;
		};
		C47BEE3D25DDC4AF00E5A69A /* Frameworks */ = {
			isa = PBXFrameworksBuildPhase;
			buildActionMask = 2147483647;
			files = (
			);
			runOnlyForDeploymentPostprocessing = 0;
		};
		C47BEE4525DDC4AF00E5A69A /* Frameworks */ = {
			isa = PBXFrameworksBuildPhase;
			buildActionMask = 2147483647;
			files = (
			);
			runOnlyForDeploymentPostprocessing = 0;
		};
		C47BEE5025DDC4AF00E5A69A /* Frameworks */ = {
			isa = PBXFrameworksBuildPhase;
			buildActionMask = 2147483647;
			files = (
			);
			runOnlyForDeploymentPostprocessing = 0;
		};
/* End PBXFrameworksBuildPhase section */

/* Begin PBXGroup section */
		C47BEE2B25DDC4AE00E5A69A = {
			isa = PBXGroup;
			children = (
				C47BEE3025DDC4AE00E5A69A /* Shared */,
				C47BEE3A25DDC4AF00E5A69A /* iOS */,
				C47BEE4125DDC4AF00E5A69A /* macOS */,
				C47BEE4B25DDC4AF00E5A69A /* Tests iOS */,
				C47BEE5625DDC4AF00E5A69A /* Tests macOS */,
				C47BEE3925DDC4AF00E5A69A /* Products */,
			);
			sourceTree = "<group>";
		};
		C47BEE3025DDC4AE00E5A69A /* Shared */ = {
			isa = PBXGroup;
			children = (
				C47BEE7225DDC5BD00E5A69A /* View */,
				C47BEE3125DDC4AE00E5A69A /* Login_MacApp.swift */,
				C47BEE3225DDC4AE00E5A69A /* ContentView.swift */,
				C47BEE3325DDC4AF00E5A69A /* Assets.xcassets */,
			);
			path = Shared;
			sourceTree = "<group>";
		};
		C47BEE3925DDC4AF00E5A69A /* Products */ = {
			isa = PBXGroup;
			children = (
				C47BEE3825DDC4AF00E5A69A /* Login_Mac.app */,
				C47BEE4025DDC4AF00E5A69A /* Login_Mac.app */,
				C47BEE4825DDC4AF00E5A69A /* Tests iOS.xctest */,
				C47BEE5325DDC4AF00E5A69A /* Tests macOS.xctest */,
			);
			name = Products;
			sourceTree = "<group>";
		};
		C47BEE3A25DDC4AF00E5A69A /* iOS */ = {
			isa = PBXGroup;
			children = (
				C47BEE3B25DDC4AF00E5A69A /* Info.plist */,
			);
			path = iOS;
			sourceTree = "<group>";
		};
		C47BEE4125DDC4AF00E5A69A /* macOS */ = {
			isa = PBXGroup;
			children = (
				C47BEE4225DDC4AF00E5A69A /* Info.plist */,
				C47BEE4325DDC4AF00E5A69A /* macOS.entitlements */,
			);
			path = macOS;
			sourceTree = "<group>";
		};
		C47BEE4B25DDC4AF00E5A69A /* Tests iOS */ = {
			isa = PBXGroup;
			children = (
				C47BEE4C25DDC4AF00E5A69A /* Tests_iOS.swift */,
				C47BEE4E25DDC4AF00E5A69A /* Info.plist */,
			);
			path = "Tests iOS";
			sourceTree = "<group>";
		};
		C47BEE5625DDC4AF00E5A69A /* Tests macOS */ = {
			isa = PBXGroup;
			children = (
				C47BEE5725DDC4AF00E5A69A /* Tests_macOS.swift */,
				C47BEE5925DDC4AF00E5A69A /* Info.plist */,
			);
			path = "Tests macOS";
			sourceTree = "<group>";
		};
		C47BEE7225DDC5BD00E5A69A /* View */ = {
			isa = PBXGroup;
			children = (
				C47BEE7325DDC5E200E5A69A /* Login.swift */,
			);
			path = View;
			sourceTree = "<group>";
		};
/* End PBXGroup section */

/* Begin PBXNativeTarget section */
		C47BEE3725DDC4AF00E5A69A /* Login_Mac (iOS) */ = {
			isa = PBXNativeTarget;
			buildConfigurationList = C47BEE6225DDC4AF00E5A69A /* Build configuration list for PBXNativeTarget "Login_Mac (iOS)" */;
			buildPhases = (
				C47BEE3425DDC4AF00E5A69A /* Sources */,
				C47BEE3525DDC4AF00E5A69A /* Frameworks */,
				C47BEE3625DDC4AF00E5A69A /* Resources */,
			);
			buildRules = (
			);
			dependencies = (
			);
			name = "Login_Mac (iOS)";
			productName = "Login_Mac (iOS)";
			productReference = C47BEE3825DDC4AF00E5A69A /* Login_Mac.app */;
			productType = "com.apple.product-type.application";
		};
		C47BEE3F25DDC4AF00E5A69A /* Login_Mac (macOS) */ = {
			isa = PBXNativeTarget;
			buildConfigurationList = C47BEE6525DDC4AF00E5A69A /* Build configuration list for PBXNativeTarget "Login_Mac (macOS)" */;
			buildPhases = (
				C47BEE3C25DDC4AF00E5A69A /* Sources */,
				C47BEE3D25DDC4AF00E5A69A /* Frameworks */,
				C47BEE3E25DDC4AF00E5A69A /* Resources */,
			);
			buildRules = (
			);
			dependencies = (
			);
			name = "Login_Mac (macOS)";
			productName = "Login_Mac (macOS)";
			productReference = C47BEE4025DDC4AF00E5A69A /* Login_Mac.app */;
			productType = "com.apple.product-type.application";
		};
		C47BEE4725DDC4AF00E5A69A /* Tests iOS */ = {
			isa = PBXNativeTarget;
			buildConfigurationList = C47BEE6825DDC4AF00E5A69A /* Build configuration list for PBXNativeTarget "Tests iOS" */;
			buildPhases = (
				C47BEE4425DDC4AF00E5A69A /* Sources */,
				C47BEE4525DDC4AF00E5A69A /* Frameworks */,
				C47BEE4625DDC4AF00E5A69A /* Resources */,
			);
			buildRules = (
			);
			dependencies = (
				C47BEE4A25DDC4AF00E5A69A /* PBXTargetDependency */,
			);
			name = "Tests iOS";
			productName = "Tests iOS";
			productReference = C47BEE4825DDC4AF00E5A69A /* Tests iOS.xctest */;
			productType = "com.apple.product-type.bundle.ui-testing";
		};
		C47BEE5225DDC4AF00E5A69A /* Tests macOS */ = {
			isa = PBXNativeTarget;
			buildConfigurationList = C47BEE6B25DDC4AF00E5A69A /* Build configuration list for PBXNativeTarget "Tests macOS" */;
			buildPhases = (
				C47BEE4F25DDC4AF00E5A69A /* Sources */,
				C47BEE5025DDC4AF00E5A69A /* Frameworks */,
				C47BEE5125DDC4AF00E5A69A /* Resources */,
			);
			buildRules = (
			);
			dependencies = (
				C47BEE5525DDC4AF00E5A69A /* PBXTargetDependency */,
			);
			name = "Tests macOS";
			productName = "Tests macOS";
			productReference = C47BEE5325DDC4AF00E5A69A /* Tests macOS.xctest */;
			productType = "com.apple.product-type.bundle.ui-testing";
		};
/* End PBXNativeTarget section */

/* Begin PBXProject section */
		C47BEE2C25DDC4AE00E5A69A /* Project object */ = {
			isa = PBXProject;
			attributes = {
				LastSwiftUpdateCheck = 1240;
				LastUpgradeCheck = 1240;
				TargetAttributes = {
					C47BEE3725DDC4AF00E5A69A = {
						CreatedOnToolsVersion = 12.4;
					};
					C47BEE3F25DDC4AF00E5A69A = {
						CreatedOnToolsVersion = 12.4;
					};
					C47BEE4725DDC4AF00E5A69A = {
						CreatedOnToolsVersion = 12.4;
						TestTargetID = C47BEE3725DDC4AF00E5A69A;
					};
					C47BEE5225DDC4AF00E5A69A = {
						CreatedOnToolsVersion = 12.4;
						TestTargetID = C47BEE3F25DDC4AF00E5A69A;
					};
				};
			};
			buildConfigurationList = C47BEE2F25DDC4AE00E5A69A /* Build configuration list for PBXProject "Login_Mac" */;
			compatibilityVersion = "Xcode 9.3";
			developmentRegion = en;
			hasScannedForEncodings = 0;
			knownRegions = (
				en,
				Base,
			);
			mainGroup = C47BEE2B25DDC4AE00E5A69A;
			productRefGroup = C47BEE3925DDC4AF00E5A69A /* Products */;
			projectDirPath = "";
			projectRoot = "";
			targets = (
				C47BEE3725DDC4AF00E5A69A /* Login_Mac (iOS) */,
				C47BEE3F25DDC4AF00E5A69A /* Login_Mac (macOS) */,
				C47BEE4725DDC4AF00E5A69A /* Tests iOS */,
				C47BEE5225DDC4AF00E5A69A /* Tests macOS */,
			);
		};
/* End PBXProject section */

/* Begin PBXResourcesBuildPhase section */
		C47BEE3625DDC4AF00E5A69A /* Resources */ = {
			isa = PBXResourcesBuildPhase;
			buildActionMask = 2147483647;
			files = (
				C47BEE5E25DDC4AF00E5A69A /* Assets.xcassets in Resources */,
			);
			runOnlyForDeploymentPostprocessing = 0;
		};
		C47BEE3E25DDC4AF00E5A69A /* Resources */ = {
			isa = PBXResourcesBuildPhase;
			buildActionMask = 2147483647;
			files = (
				C47BEE5F25DDC4AF00E5A69A /* Assets.xcassets in Resources */,
			);
			runOnlyForDeploymentPostprocessing = 0;
		};
		C47BEE4625DDC4AF00E5A69A /* Resources */ = {
			isa = PBXResourcesBuildPhase;
			buildActionMask = 2147483647;
			files = (
			);
			runOnlyForDeploymentPostprocessing = 0;
		};
		C47BEE5125DDC4AF00E5A69A /* Resources */ = {
			isa = PBXResourcesBuildPhase;
			buildActionMask = 2147483647;
			files = (
			);
			runOnlyForDeploymentPostprocessing = 0;
		};
/* End PBXResourcesBuildPhase section */

/* Begin PBXSourcesBuildPhase section */
		C47BEE3425DDC4AF00E5A69A /* Sources */ = {
			isa = PBXSourcesBuildPhase;
			buildActionMask = 2147483647;
			files = (
				C47BEE7425DDC5E200E5A69A /* Login.swift in Sources */,
				C47BEE5C25DDC4AF00E5A69A /* ContentView.swift in Sources */,
				C47BEE5A25DDC4AF00E5A69A /* Login_MacApp.swift in Sources */,
			);
			runOnlyForDeploymentPostprocessing = 0;
		};
		C47BEE3C25DDC4AF00E5A69A /* Sources */ = {
			isa = PBXSourcesBuildPhase;
			buildActionMask = 2147483647;
			files = (
				C47BEE7525DDC5E200E5A69A /* Login.swift in Sources */,
				C47BEE5D25DDC4AF00E5A69A /* ContentView.swift in Sources */,
				C47BEE5B25DDC4AF00E5A69A /* Login_MacApp.swift in Sources */,
			);
			runOnlyForDeploymentPostprocessing = 0;
		};
		C47BEE4425DDC4AF00E5A69A /* Sources */ = {
			isa = PBXSourcesBuildPhase;
			buildActionMask = 2147483647;
			files = (
				C47BEE4D25DDC4AF00E5A69A /* Tests_iOS.swift in Sources */,
			);
			runOnlyForDeploymentPostprocessing = 0;
		};
		C47BEE4F25DDC4AF00E5A69A /* Sources */ = {
			isa = PBXSourcesBuildPhase;
			buildActionMask = 2147483647;
			files = (
				C47BEE5825DDC4AF00E5A69A /* Tests_macOS.swift in Sources */,
			);
			runOnlyForDeploymentPostprocessing = 0;
		};
/* End PBXSourcesBuildPhase section */

/* Begin PBXTargetDependency section */
		C47BEE4A25DDC4AF00E5A69A /* PBXTargetDependency */ = {
			isa = PBXTargetDependency;
			target = C47BEE3725DDC4AF00E5A69A /* Login_Mac (iOS) */;
			targetProxy = C47BEE4925DDC4AF00E5A69A /* PBXContainerItemProxy */;
		};
		C47BEE5525DDC4AF00E5A69A /* PBXTargetDependency */ = {
			isa = PBXTargetDependency;
			target = C47BEE3F25DDC4AF00E5A69A /* Login_Mac (macOS) */;
			targetProxy = C47BEE5425DDC4AF00E5A69A /* PBXContainerItemProxy */;
		};
/* End PBXTargetDependency section */

/* Begin XCBuildConfiguration section */
		C47BEE6025DDC4AF00E5A69A /* Debug */ = {
			isa = XCBuildConfiguration;
			buildSettings = {
				ALWAYS_SEARCH_USER_PATHS = NO;
				CLANG_ANALYZER_NONNULL = YES;
				CLANG_ANALYZER_NUMBER_OBJECT_CONVERSION = YES_AGGRESSIVE;
				CLANG_CXX_LANGUAGE_STANDARD = "gnu++14";
				CLANG_CXX_LIBRARY = "libc++";
				CLANG_ENABLE_MODULES = YES;
				CLANG_ENABLE_OBJC_ARC = YES;
				CLANG_ENABLE_OBJC_WEAK = YES;
				CLANG_WARN_BLOCK_CAPTURE_AUTORELEASING = YES;
				CLANG_WARN_BOOL_CONVERSION = YES;
				CLANG_WARN_COMMA = YES;
				CLANG_WARN_CONSTANT_CONVERSION = YES;
				CLANG_WARN_DEPRECATED_OBJC_IMPLEMENTATIONS = YES;
				CLANG_WARN_DIRECT_OBJC_ISA_USAGE = YES_ERROR;
				CLANG_WARN_DOCUMENTATION_COMMENTS = YES;
				CLANG_WARN_EMPTY_BODY = YES;
				CLANG_WARN_ENUM_CONVERSION = YES;
				CLANG_WARN_INFINITE_RECURSION = YES;
				CLANG_WARN_INT_CONVERSION = YES;
				CLANG_WARN_NON_LITERAL_NULL_CONVERSION = YES;
				CLANG_WARN_OBJC_IMPLICIT_RETAIN_SELF = YES;
				CLANG_WARN_OBJC_LITERAL_CONVERSION = YES;
				CLANG_WARN_OBJC_ROOT_CLASS = YES_ERROR;
				CLANG_WARN_QUOTED_INCLUDE_IN_FRAMEWORK_HEADER = YES;
				CLANG_WARN_RANGE_LOOP_ANALYSIS = YES;
				CLANG_WARN_STRICT_PROTOTYPES = YES;
				CLANG_WARN_SUSPICIOUS_MOVE = YES;
				CLANG_WARN_UNGUARDED_AVAILABILITY = YES_AGGRESSIVE;
				CLANG_WARN_UNREACHABLE_CODE = YES;
				CLANG_WARN__DUPLICATE_METHOD_MATCH = YES;
				COPY_PHASE_STRIP = NO;
				DEBUG_INFORMATION_FORMAT = dwarf;
				ENABLE_STRICT_OBJC_MSGSEND = YES;
				ENABLE_TESTABILITY = YES;
				GCC_C_LANGUAGE_STANDARD = gnu11;
				GCC_DYNAMIC_NO_PIC = NO;
				GCC_NO_COMMON_BLOCKS = YES;
				GCC_OPTIMIZATION_LEVEL = 0;
				GCC_PREPROCESSOR_DEFINITIONS = (
					"DEBUG=1",
					"$(inherited)",
				);
				GCC_WARN_64_TO_32_BIT_CONVERSION = YES;
				GCC_WARN_ABOUT_RETURN_TYPE = YES_ERROR;
				GCC_WARN_UNDECLARED_SELECTOR = YES;
				GCC_WARN_UNINITIALIZED_AUTOS = YES_AGGRESSIVE;
				GCC_WARN_UNUSED_FUNCTION = YES;
				GCC_WARN_UNUSED_VARIABLE = YES;
				MTL_ENABLE_DEBUG_INFO = INCLUDE_SOURCE;
				MTL_FAST_MATH = YES;
				ONLY_ACTIVE_ARCH = YES;
				SWIFT_ACTIVE_COMPILATION_CONDITIONS = DEBUG;
				SWIFT_OPTIMIZATION_LEVEL = "-Onone";
			};
			name = Debug;
		};
		C47BEE6125DDC4AF00E5A69A /* Release */ = {
			isa = XCBuildConfiguration;
			buildSettings = {
				ALWAYS_SEARCH_USER_PATHS = NO;
				CLANG_ANALYZER_NONNULL = YES;
				CLANG_ANALYZER_NUMBER_OBJECT_CONVERSION = YES_AGGRESSIVE;
				CLANG_CXX_LANGUAGE_STANDARD = "gnu++14";
				CLANG_CXX_LIBRARY = "libc++";
				CLANG_ENABLE_MODULES = YES;
				CLANG_ENABLE_OBJC_ARC = YES;
				CLANG_ENABLE_OBJC_WEAK = YES;
				CLANG_WARN_BLOCK_CAPTURE_AUTORELEASING = YES;
				CLANG_WARN_BOOL_CONVERSION = YES;
				CLANG_WARN_COMMA = YES;
				CLANG_WARN_CONSTANT_CONVERSION = YES;
				CLANG_WARN_DEPRECATED_OBJC_IMPLEMENTATIONS = YES;
				CLANG_WARN_DIRECT_OBJC_ISA_USAGE = YES_ERROR;
				CLANG_WARN_DOCUMENTATION_COMMENTS = YES;
				CLANG_WARN_EMPTY_BODY = YES;
				CLANG_WARN_ENUM_CONVERSION = YES;
				CLANG_WARN_INFINITE_RECURSION = YES;
				CLANG_WARN_INT_CONVERSION = YES;
				CLANG_WARN_NON_LITERAL_NULL_CONVERSION = YES;
				CLANG_WARN_OBJC_IMPLICIT_RETAIN_SELF = YES;
				CLANG_WARN_OBJC_LITERAL_CONVERSION = YES;
				CLANG_WARN_OBJC_ROOT_CLASS = YES_ERROR;
				CLANG_WARN_QUOTED_INCLUDE_IN_FRAMEWORK_HEADER = YES;
				CLANG_WARN_RANGE_LOOP_ANALYSIS = YES;
				CLANG_WARN_STRICT_PROTOTYPES = YES;
				CLANG_WARN_SUSPICIOUS_MOVE = YES;
				CLANG_WARN_UNGUARDED_AVAILABILITY = YES_AGGRESSIVE;
				CLANG_WARN_UNREACHABLE_CODE = YES;
				CLANG_WARN__DUPLICATE_METHOD_MATCH = YES;
				COPY_PHASE_STRIP = NO;
				DEBUG_INFORMATION_FORMAT = "dwarf-with-dsym";
				ENABLE_NS_ASSERTIONS = NO;
				ENABLE_STRICT_OBJC_MSGSEND = YES;
				GCC_C_LANGUAGE_STANDARD = gnu11;
				GCC_NO_COMMON_BLOCKS = YES;
				GCC_WARN_64_TO_32_BIT_CONVERSION = YES;
				GCC_WARN_ABOUT_RETURN_TYPE = YES_ERROR;
				GCC_WARN_UNDECLARED_SELECTOR = YES;
				GCC_WARN_UNINITIALIZED_AUTOS = YES_AGGRESSIVE;
				GCC_WARN_UNUSED_FUNCTION = YES;
				GCC_WARN_UNUSED_VARIABLE = YES;
				MTL_ENABLE_DEBUG_INFO = NO;
				MTL_FAST_MATH = YES;
				SWIFT_COMPILATION_MODE = wholemodule;
				SWIFT_OPTIMIZATION_LEVEL = "-O";
			};
			name = Release;
		};
		C47BEE6325DDC4AF00E5A69A /* Debug */ = {
			isa = XCBuildConfiguration;
			buildSettings = {
				ASSETCATALOG_COMPILER_APPICON_NAME = AppIcon;
				ASSETCATALOG_COMPILER_GLOBAL_ACCENT_COLOR_NAME = AccentColor;
				CODE_SIGN_STYLE = Automatic;
				ENABLE_PREVIEWS = YES;
				INFOPLIST_FILE = iOS/Info.plist;
				IPHONEOS_DEPLOYMENT_TARGET = 14.0;
				LD_RUNPATH_SEARCH_PATHS = (
					"$(inherited)",
					"@executable_path/Frameworks",
				);
				PRODUCT_BUNDLE_IDENTIFIER = "com.MicheleManniello.Login-Mac";
				PRODUCT_NAME = Login_Mac;
				SDKROOT = iphoneos;
				SWIFT_VERSION = 5.0;
				TARGETED_DEVICE_FAMILY = "1,2";
			};
			name = Debug;
		};
		C47BEE6425DDC4AF00E5A69A /* Release */ = {
			isa = XCBuildConfiguration;
			buildSettings = {
				ASSETCATALOG_COMPILER_APPICON_NAME = AppIcon;
				ASSETCATALOG_COMPILER_GLOBAL_ACCENT_COLOR_NAME = AccentColor;
				CODE_SIGN_STYLE = Automatic;
				ENABLE_PREVIEWS = YES;
				INFOPLIST_FILE = iOS/Info.plist;
				IPHONEOS_DEPLOYMENT_TARGET = 14.0;
				LD_RUNPATH_SEARCH_PATHS = (
					"$(inherited)",
					"@executable_path/Frameworks",
				);
				PRODUCT_BUNDLE_IDENTIFIER = "com.MicheleManniello.Login-Mac";
				PRODUCT_NAME = Login_Mac;
				SDKROOT = iphoneos;
				SWIFT_VERSION = 5.0;
				TARGETED_DEVICE_FAMILY = "1,2";
				VALIDATE_PRODUCT = YES;
			};
			name = Release;
		};
		C47BEE6625DDC4AF00E5A69A /* Debug */ = {
			isa = XCBuildConfiguration;
			buildSettings = {
				ASSETCATALOG_COMPILER_APPICON_NAME = AppIcon;
				ASSETCATALOG_COMPILER_GLOBAL_ACCENT_COLOR_NAME = AccentColor;
				CODE_SIGN_ENTITLEMENTS = macOS/macOS.entitlements;
				CODE_SIGN_STYLE = Automatic;
				COMBINE_HIDPI_IMAGES = YES;
				ENABLE_PREVIEWS = YES;
				INFOPLIST_FILE = macOS/Info.plist;
				LD_RUNPATH_SEARCH_PATHS = (
					"$(inherited)",
					"@executable_path/../Frameworks",
				);
				MACOSX_DEPLOYMENT_TARGET = 11.0;
				PRODUCT_BUNDLE_IDENTIFIER = "com.MicheleManniello.Login-Mac";
				PRODUCT_NAME = Login_Mac;
				SDKROOT = macosx;
				SWIFT_VERSION = 5.0;
			};
			name = Debug;
		};
		C47BEE6725DDC4AF00E5A69A /* Release */ = {
			isa = XCBuildConfiguration;
			buildSettings = {
				ASSETCATALOG_COMPILER_APPICON_NAME = AppIcon;
				ASSETCATALOG_COMPILER_GLOBAL_ACCENT_COLOR_NAME = AccentColor;
				CODE_SIGN_ENTITLEMENTS = macOS/macOS.entitlements;
				CODE_SIGN_STYLE = Automatic;
				COMBINE_HIDPI_IMAGES = YES;
				ENABLE_PREVIEWS = YES;
				INFOPLIST_FILE = macOS/Info.plist;
				LD_RUNPATH_SEARCH_PATHS = (
					"$(inherited)",
					"@executable_path/../Frameworks",
				);
				MACOSX_DEPLOYMENT_TARGET = 11.0;
				PRODUCT_BUNDLE_IDENTIFIER = "com.MicheleManniello.Login-Mac";
				PRODUCT_NAME = Login_Mac;
				SDKROOT = macosx;
				SWIFT_VERSION = 5.0;
			};
			name = Release;
		};
		C47BEE6925DDC4AF00E5A69A /* Debug */ = {
			isa = XCBuildConfiguration;
			buildSettings = {
				ALWAYS_EMBED_SWIFT_STANDARD_LIBRARIES = YES;
				CODE_SIGN_STYLE = Automatic;
				INFOPLIST_FILE = "Tests iOS/Info.plist";
				IPHONEOS_DEPLOYMENT_TARGET = 14.4;
				LD_RUNPATH_SEARCH_PATHS = (
					"$(inherited)",
					"@executable_path/Frameworks",
					"@loader_path/Frameworks",
				);
				PRODUCT_BUNDLE_IDENTIFIER = "com.MicheleManniello.Tests-iOS";
				PRODUCT_NAME = "$(TARGET_NAME)";
				SDKROOT = iphoneos;
				SWIFT_VERSION = 5.0;
				TARGETED_DEVICE_FAMILY = "1,2";
				TEST_TARGET_NAME = "Login_Mac (iOS)";
			};
			name = Debug;
		};
		C47BEE6A25DDC4AF00E5A69A /* Release */ = {
			isa = XCBuildConfiguration;
			buildSettings = {
				ALWAYS_EMBED_SWIFT_STANDARD_LIBRARIES = YES;
				CODE_SIGN_STYLE = Automatic;
				INFOPLIST_FILE = "Tests iOS/Info.plist";
				IPHONEOS_DEPLOYMENT_TARGET = 14.4;
				LD_RUNPATH_SEARCH_PATHS = (
					"$(inherited)",
					"@executable_path/Frameworks",
					"@loader_path/Frameworks",
				);
				PRODUCT_BUNDLE_IDENTIFIER = "com.MicheleManniello.Tests-iOS";
				PRODUCT_NAME = "$(TARGET_NAME)";
				SDKROOT = iphoneos;
				SWIFT_VERSION = 5.0;
				TARGETED_DEVICE_FAMILY = "1,2";
				TEST_TARGET_NAME = "Login_Mac (iOS)";
				VALIDATE_PRODUCT = YES;
			};
			name = Release;
		};
		C47BEE6C25DDC4AF00E5A69A /* Debug */ = {
			isa = XCBuildConfiguration;
			buildSettings = {
				ALWAYS_EMBED_SWIFT_STANDARD_LIBRARIES = YES;
				CODE_SIGN_STYLE = Automatic;
				COMBINE_HIDPI_IMAGES = YES;
				INFOPLIST_FILE = "Tests macOS/Info.plist";
				LD_RUNPATH_SEARCH_PATHS = (
					"$(inherited)",
					"@executable_path/../Frameworks",
					"@loader_path/../Frameworks",
				);
				MACOSX_DEPLOYMENT_TARGET = 11.1;
				PRODUCT_BUNDLE_IDENTIFIER = "com.MicheleManniello.Tests-macOS";
				PRODUCT_NAME = "$(TARGET_NAME)";
				SDKROOT = macosx;
				SWIFT_VERSION = 5.0;
				TEST_TARGET_NAME = "Login_Mac (macOS)";
			};
			name = Debug;
		};
		C47BEE6D25DDC4AF00E5A69A /* Release */ = {
			isa = XCBuildConfiguration;
			buildSettings = {
				ALWAYS_EMBED_SWIFT_STANDARD_LIBRARIES = YES;
				CODE_SIGN_STYLE = Automatic;
				COMBINE_HIDPI_IMAGES = YES;
				INFOPLIST_FILE = "Tests macOS/Info.plist";
				LD_RUNPATH_SEARCH_PATHS = (
					"$(inherited)",
					"@executable_path/../Frameworks",
					"@loader_path/../Frameworks",
				);
				MACOSX_DEPLOYMENT_TARGET = 11.1;
				PRODUCT_BUNDLE_IDENTIFIER = "com.MicheleManniello.Tests-macOS";
				PRODUCT_NAME = "$(TARGET_NAME)";
				SDKROOT = macosx;
				SWIFT_VERSION = 5.0;
				TEST_TARGET_NAME = "Login_Mac (macOS)";
			};
			name = Release;
		};
/* End XCBuildConfiguration section */

/* Begin XCConfigurationList section */
		C47BEE2F25DDC4AE00E5A69A /* Build configuration list for PBXProject "Login_Mac" */ = {
			isa = XCConfigurationList;
			buildConfigurations = (
				C47BEE6025DDC4AF00E5A69A /* Debug */,
				C47BEE6125DDC4AF00E5A69A /* Release */,
			);
			defaultConfigurationIsVisible = 0;
			defaultConfigurationName = Release;
		};
		C47BEE6225DDC4AF00E5A69A /* Build configuration list for PBXNativeTarget "Login_Mac (iOS)" */ = {
			isa = XCConfigurationList;
			buildConfigurations = (
				C47BEE6325DDC4AF00E5A69A /* Debug */,
				C47BEE6425DDC4AF00E5A69A /* Release */,
			);
			defaultConfigurationIsVisible = 0;
			defaultConfigurationName = Release;
		};
		C47BEE6525DDC4AF00E5A69A /* Build configuration list for PBXNativeTarget "Login_Mac (macOS)" */ = {
			isa = XCConfigurationList;
			buildConfigurations = (
				C47BEE6625DDC4AF00E5A69A /* Debug */,
				C47BEE6725DDC4AF00E5A69A /* Release */,
			);
			defaultConfigurationIsVisible = 0;
			defaultConfigurationName = Release;
		};
		C47BEE6825DDC4AF00E5A69A /* Build configuration list for PBXNativeTarget "Tests iOS" */ = {
			isa = XCConfigurationList;
			buildConfigurations = (
				C47BEE6925DDC4AF00E5A69A /* Debug */,
				C47BEE6A25DDC4AF00E5A69A /* Release */,
			);
			defaultConfigurationIsVisible = 0;
			defaultConfigurationName = Release;
		};
		C47BEE6B25DDC4AF00E5A69A /* Build configuration list for PBXNativeTarget "Tests macOS" */ = {
			isa = XCConfigurationList;
			buildConfigurations = (
				C47BEE6C25DDC4AF00E5A69A /* Debug */,
				C47BEE6D25DDC4AF00E5A69A /* Release */,
			);
			defaultConfigurationIsVisible = 0;
			defaultConfigurationName = Release;
		};
/* End XCConfigurationList section */
	};
	rootObject = C47BEE2C25DDC4AE00E5A69A /* Project object */;
}
